
Microsoft Visual Studio Solution File, Format Version 12.00
# Visual Studio Version 16
VisualStudioVersion = 16.0.31829.152
MinimumVisualStudioVersion = 10.0.40219.1
Project("{8BC9CEB8-8B4A-11D0-8D11-00A0C91BC942}") = "Algorithmofthelegends_Sypark", "Algorithmofthelegends_Sypark\Algorithmofthelegends_Sypark.vcxproj", "{B7ED8884-138E-4C9E-AF5B-75B31BF91FAD}"
EndProject
Project("{FAE04EC0-301F-11D3-BF4B-00C04F79EFBC}") = "Algo2", "Algo2\Algo2.csproj", "{E00609C3-8061-4173-BC99-98EC0A639579}"
EndProject
Global
	GlobalSection(SolutionConfigurationPlatforms) = preSolution
		Debug|Any CPU = Debug|Any CPU
		Debug|x64 = Debug|x64
		Debug|x86 = Debug|x86
		Release|Any CPU = Release|Any CPU
		Release|x64 = Release|x64
		Release|x86 = Release|x86
	EndGlobalSection
	GlobalSection(ProjectConfigurationPlatforms) = postSolution
		{B7ED8884-138E-4C9E-AF5B-75B31BF91FAD}.Debug|Any CPU.ActiveCfg = Debug|Win32
		{B7ED8884-138E-4C9E-AF5B-75B31BF91FAD}.Debug|x64.ActiveCfg = Debug|x64
		{B7ED8884-138E-4C9E-AF5B-75B31BF91FAD}.Debug|x64.Build.0 = Debug|x64
		{B7ED8884-138E-4C9E-AF5B-75B31BF91FAD}.Debug|x86.ActiveCfg = Debug|Win32
		{B7ED8884-138E-4C9E-AF5B-75B31BF91FAD}.Debug|x86.Build.0 = Debug|Win32
		{B7ED8884-138E-4C9E-AF5B-75B31BF91FAD}.Release|Any CPU.ActiveCfg = Release|Win32
		{B7ED8884-138E-4C9E-AF5B-75B31BF91FAD}.Release|x64.ActiveCfg = Release|x64
		{B7ED8884-138E-4C9E-AF5B-75B31BF91FAD}.Release|x64.Build.0 = Release|x64
		{B7ED8884-138E-4C9E-AF5B-75B31BF91FAD}.Release|x86.ActiveCfg = Release|Win32
		{B7ED8884-138E-4C9E-AF5B-75B31BF91FAD}.Release|x86.Build.0 = Release|Win32
		{E00609C3-8061-4173-BC99-98EC0A639579}.Debug|Any CPU.ActiveCfg = Debug|Any CPU
		{E00609C3-8061-4173-BC99-98EC0A639579}.Debug|Any CPU.Build.0 = Debug|Any CPU
		{E00609C3-8061-4173-BC99-98EC0A639579}.Debug|x64.ActiveCfg = Debug|Any CPU
		{E00609C3-8061-4173-BC99-98EC0A639579}.Debug|x64.Build.0 = Debug|Any CPU
		{E00609C3-8061-4173-BC99-98EC0A639579}.Debug|x86.ActiveCfg = Debug|Any CPU
		{E00609C3-8061-4173-BC99-98EC0A639579}.Debug|x86.Build.0 = Debug|Any CPU
		{E00609C3-8061-4173-BC99-98EC0A639579}.Release|Any CPU.ActiveCfg = Release|Any CPU
		{E00609C3-8061-4173-BC99-98EC0A639579}.Release|Any CPU.Build.0 = Release|Any CPU
		{E00609C3-8061-4173-BC99-98EC0A639579}.Release|x64.ActiveCfg = Release|Any CPU
		{E00609C3-8061-4173-BC99-98EC0A639579}.Release|x64.Build.0 = Release|Any CPU
		{E00609C3-8061-4173-BC99-98EC0A639579}.Release|x86.ActiveCfg = Release|Any CPU
		{E00609C3-8061-4173-BC99-98EC0A639579}.Release|x86.Build.0 = Release|Any CPU
	EndGlobalSection
	GlobalSection(SolutionProperties) = preSolution
		HideSolutionNode = FALSE
	EndGlobalSection
	GlobalSection(ExtensibilityGlobals) = postSolution
		SolutionGuid = {F9A77D68-DFD9-45D9-A036-514A816F1A2A}
	EndGlobalSection
EndGlobal
